
Microsoft Visual Studio Solution File, Format Version 12.00
# Visual Studio Version 17
VisualStudioVersion = 17.1.32210.238
MinimumVisualStudioVersion = 10.0.40219.1
Project("{9A19103F-16F7-4668-BE54-9A1E7A4F7556}") = "Warehouse", "Warehouse\Warehouse.csproj", "{FD3B8B21-4F80-4C5B-8D88-6F0DC9761152}"
EndProject
Project("{9A19103F-16F7-4668-BE54-9A1E7A4F7556}") = "Warehouse.Core", "Warehouse.Core\Warehouse.Core.csproj", "{1B839CE8-EB69-4DBE-9D55-85C64A357992}"
EndProject
Project("{9A19103F-16F7-4668-BE54-9A1E7A4F7556}") = "Warehouse.Infrastructure", "Warehouse.Infrastructure\Warehouse.Infrastructure.csproj", "{0056C839-AF7C-413C-8B41-23B160C87BD7}"
EndProject
Project("{9A19103F-16F7-4668-BE54-9A1E7A4F7556}") = "Warehouse.Api", "Warehouse.Api\Warehouse.Api.csproj", "{3D278BF1-CE7B-4117-88EE-962FB171B706}"
EndProject
Project("{FAE04EC0-301F-11D3-BF4B-00C04F79EFBC}") = "Warehouse.Test", "Warehouse.Test\Warehouse.Test.csproj", "{F556893E-549F-4B29-ACE8-3C5BFD9E980A}"
EndProject
Global
	GlobalSection(SolutionConfigurationPlatforms) = preSolution
		Debug|Any CPU = Debug|Any CPU
		Release|Any CPU = Release|Any CPU
	EndGlobalSection
	GlobalSection(ProjectConfigurationPlatforms) = postSolution
		{FD3B8B21-4F80-4C5B-8D88-6F0DC9761152}.Debug|Any CPU.ActiveCfg = Debug|Any CPU
		{FD3B8B21-4F80-4C5B-8D88-6F0DC9761152}.Debug|Any CPU.Build.0 = Debug|Any CPU
		{FD3B8B21-4F80-4C5B-8D88-6F0DC9761152}.Release|Any CPU.ActiveCfg = Release|Any CPU
		{FD3B8B21-4F80-4C5B-8D88-6F0DC9761152}.Release|Any CPU.Build.0 = Release|Any CPU
		{1B839CE8-EB69-4DBE-9D55-85C64A357992}.Debug|Any CPU.ActiveCfg = Debug|Any CPU
		{1B839CE8-EB69-4DBE-9D55-85C64A357992}.Debug|Any CPU.Build.0 = Debug|Any CPU
		{1B839CE8-EB69-4DBE-9D55-85C64A357992}.Release|Any CPU.ActiveCfg = Release|Any CPU
		{1B839CE8-EB69-4DBE-9D55-85C64A357992}.Release|Any CPU.Build.0 = Release|Any CPU
		{0056C839-AF7C-413C-8B41-23B160C87BD7}.Debug|Any CPU.ActiveCfg = Debug|Any CPU
		{0056C839-AF7C-413C-8B41-23B160C87BD7}.Debug|Any CPU.Build.0 = Debug|Any CPU
		{0056C839-AF7C-413C-8B41-23B160C87BD7}.Release|Any CPU.ActiveCfg = Release|Any CPU
		{0056C839-AF7C-413C-8B41-23B160C87BD7}.Release|Any CPU.Build.0 = Release|Any CPU
		{3D278BF1-CE7B-4117-88EE-962FB171B706}.Debug|Any CPU.ActiveCfg = Debug|Any CPU
		{3D278BF1-CE7B-4117-88EE-962FB171B706}.Debug|Any CPU.Build.0 = Debug|Any CPU
		{3D278BF1-CE7B-4117-88EE-962FB171B706}.Release|Any CPU.ActiveCfg = Release|Any CPU
		{3D278BF1-CE7B-4117-88EE-962FB171B706}.Release|Any CPU.Build.0 = Release|Any CPU
		{F556893E-549F-4B29-ACE8-3C5BFD9E980A}.Debug|Any CPU.ActiveCfg = Debug|Any CPU
		{F556893E-549F-4B29-ACE8-3C5BFD9E980A}.Debug|Any CPU.Build.0 = Debug|Any CPU
		{F556893E-549F-4B29-ACE8-3C5BFD9E980A}.Release|Any CPU.ActiveCfg = Release|Any CPU
		{F556893E-549F-4B29-ACE8-3C5BFD9E980A}.Release|Any CPU.Build.0 = Release|Any CPU
	EndGlobalSection
	GlobalSection(SolutionProperties) = preSolution
		HideSolutionNode = FALSE
	EndGlobalSection
	GlobalSection(ExtensibilityGlobals) = postSolution
		SolutionGuid = {63997CC8-A790-4FA7-8713-C7B5DA733374}
	EndGlobalSection
EndGlobal
